
Microsoft Visual Studio Solution File, Format Version 12.00
# Visual Studio 15
VisualStudioVersion = 15.0.26730.16
MinimumVisualStudioVersion = 10.0.40219.1
Project("{FAE04EC0-301F-11D3-BF4B-00C04F79EFBC}") = "JoergIsAGeek.Workshop.Enterprise.DomainModels", "JoergIsAGeek.Workshop.Enterprise.DomainModels\JoergIsAGeek.Workshop.Enterprise.DomainModels.csproj", "{F7012709-60FD-4A4E-9ACF-1C636776E43F}"
EndProject
Project("{FAE04EC0-301F-11D3-BF4B-00C04F79EFBC}") = "JoergIsAGeek.Workshop.Enterprise.Repository", "JoergIsAGeek.Workshop.Enterprise.Repository\JoergIsAGeek.Workshop.Enterprise.Repository.csproj", "{9F5161CA-3B8A-4D5C-9630-EE99BD1FBB0A}"
EndProject
Project("{FAE04EC0-301F-11D3-BF4B-00C04F79EFBC}") = "JoergIsAGeek.Workshop.Enterprise.BusinessLogicLayer", "JoergIsAGeek.Workshop.Enterprise.BusinessLogicLayer\JoergIsAGeek.Workshop.Enterprise.BusinessLogicLayer.csproj", "{56C1242D-BEA9-41FD-80CD-4B29ABEFF454}"
EndProject
Project("{FAE04EC0-301F-11D3-BF4B-00C04F79EFBC}") = "JoergIsAGeek.Workshop.Enterprise.DataTransferObjects", "JoergIsAGeek.Workshop.Enterprise.DataTransferObjects\JoergIsAGeek.Workshop.Enterprise.DataTransferObjects.csproj", "{46DE08AF-CECF-45C3-A975-F62018188EDA}"
EndProject
Project("{2150E333-8FDC-42A3-9474-1A3956D46DE8}") = "ApplicationServer", "ApplicationServer", "{581DA9F7-3C4B-4329-8AD2-4358C4188038}"
EndProject
Project("{2150E333-8FDC-42A3-9474-1A3956D46DE8}") = "WebFrontEnd", "WebFrontEnd", "{344C7732-A990-4455-85DE-CFCC732EDE2E}"
EndProject
Project("{2150E333-8FDC-42A3-9474-1A3956D46DE8}") = "Tests", "Tests", "{DD0BC866-8E26-4E01-AEA9-CEB1BC9079A7}"
EndProject
Project("{FAE04EC0-301F-11D3-BF4B-00C04F79EFBC}") = "JoergIsAGeek.Workshop.UnitTests.DataAccessLayer", "JoergIsAGeek.Workshop.UnitTests.DataAccessLayer\JoergIsAGeek.Workshop.UnitTests.DataAccessLayer.csproj", "{6B8DB1A2-4857-46D5-A3B5-EF01BF18FE4E}"
EndProject
Project("{2150E333-8FDC-42A3-9474-1A3956D46DE8}") = "TestConsole", "TestConsole", "{FCBB36E7-3E2F-443D-A9CD-A234B5790E2F}"
EndProject
Project("{FAE04EC0-301F-11D3-BF4B-00C04F79EFBC}") = "JoergIsAGeek.Workshop.Enterprise.TestConsole", "JoergIsAGeek.Workshop.Enterprise.TestConsole\JoergIsAGeek.Workshop.Enterprise.TestConsole.csproj", "{759304B7-65AD-4333-AD70-AF50D0A2BEA9}"
EndProject
Project("{FAE04EC0-301F-11D3-BF4B-00C04F79EFBC}") = "JoergIsAGeek.Workshop.Enterprise.ServiceLayer", "JoergIsAGeek.Workshop.Enterprise.ServiceLayer\JoergIsAGeek.Workshop.Enterprise.ServiceLayer.csproj", "{900C6040-1E3E-4357-99E6-4CABBE8C5527}"
EndProject
Project("{FAE04EC0-301F-11D3-BF4B-00C04F79EFBC}") = "JoergIsAGeek.Workshop.UnitTest.BusinessLayer", "JoergIsAGeek.Workshop.UnitTest.BusinessLayer\JoergIsAGeek.Workshop.UnitTest.BusinessLayer.csproj", "{667FFC0B-3BEC-4C17-9068-CC966FC7F79B}"
EndProject
Project("{9A19103F-16F7-4668-BE54-9A1E7A4F7556}") = "JoergIsAGeek.Workshop.Enterprise.WebApplication", "JoergIsAGeek.Workshop.Enterprise.WebApplication\JoergIsAGeek.Workshop.Enterprise.WebApplication.csproj", "{F2D9969E-10BC-4521-89B7-7651EA677ECB}"
EndProject
Project("{FAE04EC0-301F-11D3-BF4B-00C04F79EFBC}") = "JoergIsAGeek.Workshop.Enterprise.WebApplication.ViewModels", "JoergIsAGeek.Workshop.Enterprise.WebApplication.ViewModels\JoergIsAGeek.Workshop.Enterprise.WebApplication.ViewModels.csproj", "{BCA30391-1AC1-4FFA-942F-5DC2418E364A}"
EndProject
Project("{FAE04EC0-301F-11D3-BF4B-00C04F79EFBC}") = "JoergIsAGeek.Workshop.Enterprise.DataAccessLayer", "JoergIsAGeek.Workshop.Enterprise.DataAccessLayer\JoergIsAGeek.Workshop.Enterprise.DataAccessLayer.csproj", "{9251CB79-CDB0-468C-80F1-E1392601824C}"
EndProject
Global
	GlobalSection(SolutionConfigurationPlatforms) = preSolution
		Debug|Any CPU = Debug|Any CPU
		Release|Any CPU = Release|Any CPU
	EndGlobalSection
	GlobalSection(ProjectConfigurationPlatforms) = postSolution
		{F7012709-60FD-4A4E-9ACF-1C636776E43F}.Debug|Any CPU.ActiveCfg = Debug|Any CPU
		{F7012709-60FD-4A4E-9ACF-1C636776E43F}.Debug|Any CPU.Build.0 = Debug|Any CPU
		{F7012709-60FD-4A4E-9ACF-1C636776E43F}.Release|Any CPU.ActiveCfg = Release|Any CPU
		{F7012709-60FD-4A4E-9ACF-1C636776E43F}.Release|Any CPU.Build.0 = Release|Any CPU
		{9F5161CA-3B8A-4D5C-9630-EE99BD1FBB0A}.Debug|Any CPU.ActiveCfg = Debug|Any CPU
		{9F5161CA-3B8A-4D5C-9630-EE99BD1FBB0A}.Debug|Any CPU.Build.0 = Debug|Any CPU
		{9F5161CA-3B8A-4D5C-9630-EE99BD1FBB0A}.Release|Any CPU.ActiveCfg = Release|Any CPU
		{9F5161CA-3B8A-4D5C-9630-EE99BD1FBB0A}.Release|Any CPU.Build.0 = Release|Any CPU
		{56C1242D-BEA9-41FD-80CD-4B29ABEFF454}.Debug|Any CPU.ActiveCfg = Debug|Any CPU
		{56C1242D-BEA9-41FD-80CD-4B29ABEFF454}.Debug|Any CPU.Build.0 = Debug|Any CPU
		{56C1242D-BEA9-41FD-80CD-4B29ABEFF454}.Release|Any CPU.ActiveCfg = Release|Any CPU
		{56C1242D-BEA9-41FD-80CD-4B29ABEFF454}.Release|Any CPU.Build.0 = Release|Any CPU
		{46DE08AF-CECF-45C3-A975-F62018188EDA}.Debug|Any CPU.ActiveCfg = Debug|Any CPU
		{46DE08AF-CECF-45C3-A975-F62018188EDA}.Debug|Any CPU.Build.0 = Debug|Any CPU
		{46DE08AF-CECF-45C3-A975-F62018188EDA}.Release|Any CPU.ActiveCfg = Release|Any CPU
		{46DE08AF-CECF-45C3-A975-F62018188EDA}.Release|Any CPU.Build.0 = Release|Any CPU
		{6B8DB1A2-4857-46D5-A3B5-EF01BF18FE4E}.Debug|Any CPU.ActiveCfg = Debug|Any CPU
		{6B8DB1A2-4857-46D5-A3B5-EF01BF18FE4E}.Debug|Any CPU.Build.0 = Debug|Any CPU
		{6B8DB1A2-4857-46D5-A3B5-EF01BF18FE4E}.Release|Any CPU.ActiveCfg = Release|Any CPU
		{6B8DB1A2-4857-46D5-A3B5-EF01BF18FE4E}.Release|Any CPU.Build.0 = Release|Any CPU
		{759304B7-65AD-4333-AD70-AF50D0A2BEA9}.Debug|Any CPU.ActiveCfg = Debug|Any CPU
		{759304B7-65AD-4333-AD70-AF50D0A2BEA9}.Debug|Any CPU.Build.0 = Debug|Any CPU
		{759304B7-65AD-4333-AD70-AF50D0A2BEA9}.Release|Any CPU.ActiveCfg = Release|Any CPU
		{759304B7-65AD-4333-AD70-AF50D0A2BEA9}.Release|Any CPU.Build.0 = Release|Any CPU
		{900C6040-1E3E-4357-99E6-4CABBE8C5527}.Debug|Any CPU.ActiveCfg = Debug|Any CPU
		{900C6040-1E3E-4357-99E6-4CABBE8C5527}.Debug|Any CPU.Build.0 = Debug|Any CPU
		{900C6040-1E3E-4357-99E6-4CABBE8C5527}.Release|Any CPU.ActiveCfg = Release|Any CPU
		{900C6040-1E3E-4357-99E6-4CABBE8C5527}.Release|Any CPU.Build.0 = Release|Any CPU
		{667FFC0B-3BEC-4C17-9068-CC966FC7F79B}.Debug|Any CPU.ActiveCfg = Debug|Any CPU
		{667FFC0B-3BEC-4C17-9068-CC966FC7F79B}.Debug|Any CPU.Build.0 = Debug|Any CPU
		{667FFC0B-3BEC-4C17-9068-CC966FC7F79B}.Release|Any CPU.ActiveCfg = Release|Any CPU
		{667FFC0B-3BEC-4C17-9068-CC966FC7F79B}.Release|Any CPU.Build.0 = Release|Any CPU
		{F2D9969E-10BC-4521-89B7-7651EA677ECB}.Debug|Any CPU.ActiveCfg = Debug|Any CPU
		{F2D9969E-10BC-4521-89B7-7651EA677ECB}.Debug|Any CPU.Build.0 = Debug|Any CPU
		{F2D9969E-10BC-4521-89B7-7651EA677ECB}.Release|Any CPU.ActiveCfg = Release|Any CPU
		{F2D9969E-10BC-4521-89B7-7651EA677ECB}.Release|Any CPU.Build.0 = Release|Any CPU
		{BCA30391-1AC1-4FFA-942F-5DC2418E364A}.Debug|Any CPU.ActiveCfg = Debug|Any CPU
		{BCA30391-1AC1-4FFA-942F-5DC2418E364A}.Debug|Any CPU.Build.0 = Debug|Any CPU
		{BCA30391-1AC1-4FFA-942F-5DC2418E364A}.Release|Any CPU.ActiveCfg = Release|Any CPU
		{BCA30391-1AC1-4FFA-942F-5DC2418E364A}.Release|Any CPU.Build.0 = Release|Any CPU
		{9251CB79-CDB0-468C-80F1-E1392601824C}.Debug|Any CPU.ActiveCfg = Debug|Any CPU
		{9251CB79-CDB0-468C-80F1-E1392601824C}.Debug|Any CPU.Build.0 = Debug|Any CPU
		{9251CB79-CDB0-468C-80F1-E1392601824C}.Release|Any CPU.ActiveCfg = Release|Any CPU
		{9251CB79-CDB0-468C-80F1-E1392601824C}.Release|Any CPU.Build.0 = Release|Any CPU
	EndGlobalSection
	GlobalSection(SolutionProperties) = preSolution
		HideSolutionNode = FALSE
	EndGlobalSection
	GlobalSection(NestedProjects) = preSolution
		{F7012709-60FD-4A4E-9ACF-1C636776E43F} = {581DA9F7-3C4B-4329-8AD2-4358C4188038}
		{9F5161CA-3B8A-4D5C-9630-EE99BD1FBB0A} = {581DA9F7-3C4B-4329-8AD2-4358C4188038}
		{56C1242D-BEA9-41FD-80CD-4B29ABEFF454} = {581DA9F7-3C4B-4329-8AD2-4358C4188038}
		{46DE08AF-CECF-45C3-A975-F62018188EDA} = {581DA9F7-3C4B-4329-8AD2-4358C4188038}
		{6B8DB1A2-4857-46D5-A3B5-EF01BF18FE4E} = {DD0BC866-8E26-4E01-AEA9-CEB1BC9079A7}
		{759304B7-65AD-4333-AD70-AF50D0A2BEA9} = {FCBB36E7-3E2F-443D-A9CD-A234B5790E2F}
		{900C6040-1E3E-4357-99E6-4CABBE8C5527} = {581DA9F7-3C4B-4329-8AD2-4358C4188038}
		{667FFC0B-3BEC-4C17-9068-CC966FC7F79B} = {DD0BC866-8E26-4E01-AEA9-CEB1BC9079A7}
		{F2D9969E-10BC-4521-89B7-7651EA677ECB} = {344C7732-A990-4455-85DE-CFCC732EDE2E}
		{BCA30391-1AC1-4FFA-942F-5DC2418E364A} = {344C7732-A990-4455-85DE-CFCC732EDE2E}
		{9251CB79-CDB0-468C-80F1-E1392601824C} = {581DA9F7-3C4B-4329-8AD2-4358C4188038}
	EndGlobalSection
	GlobalSection(ExtensibilityGlobals) = postSolution
		SolutionGuid = {4A436E6D-866B-4938-ADF9-3BEDD52C8C87}
	EndGlobalSection
EndGlobal
